// !$*UTF8*$!
{
	archiveVersion = 1;
	classes = {
	};
	objectVersion = 60;
	objects = {

/* Begin PBXBuildFile section */
		BD1077422AEC4BF500B10DD0 /* TodoViewModel.swift in Sources */ = {isa = PBXBuildFile; fileRef = BD1077412AEC4BF500B10DD0 /* TodoViewModel.swift */; };
		BD1077442AEC4BFC00B10DD0 /* TodoView.swift in Sources */ = {isa = PBXBuildFile; fileRef = BD1077432AEC4BFC00B10DD0 /* TodoView.swift */; };
		BD1077472AEC552000B10DD0 /* TaskViewModel.swift in Sources */ = {isa = PBXBuildFile; fileRef = BD1077462AEC552000B10DD0 /* TaskViewModel.swift */; };
		BD1077492AEC552500B10DD0 /* TaskView.swift in Sources */ = {isa = PBXBuildFile; fileRef = BD1077482AEC552500B10DD0 /* TaskView.swift */; };
		BD6AE1132AE930AE00D49439 /* TaskerApp.swift in Sources */ = {isa = PBXBuildFile; fileRef = BD6AE1122AE930AE00D49439 /* TaskerApp.swift */; };
		BD6AE1152AE930AE00D49439 /* ContentView.swift in Sources */ = {isa = PBXBuildFile; fileRef = BD6AE1142AE930AE00D49439 /* ContentView.swift */; };
		BD6AE1172AE930AF00D49439 /* Assets.xcassets in Resources */ = {isa = PBXBuildFile; fileRef = BD6AE1162AE930AF00D49439 /* Assets.xcassets */; };
		BD6AE11A2AE930AF00D49439 /* Preview Assets.xcassets in Resources */ = {isa = PBXBuildFile; fileRef = BD6AE1192AE930AF00D49439 /* Preview Assets.xcassets */; };
		BD6AE1222AE9317400D49439 /* Dependencies in Frameworks */ = {isa = PBXBuildFile; productRef = BD6AE1212AE9317400D49439 /* Dependencies */; };
		BDBD481F2AE935A800CF0A6F /* GoogleService-Info.plist in Resources */ = {isa = PBXBuildFile; fileRef = BDBD481E2AE935A800CF0A6F /* GoogleService-Info.plist */; };
		BDE01BD12AEBE33900714FDD /* HomeViewModel.swift in Sources */ = {isa = PBXBuildFile; fileRef = BDE01BD02AEBE33900714FDD /* HomeViewModel.swift */; };
		BDE01BD32AEBE34000714FDD /* HomeView.swift in Sources */ = {isa = PBXBuildFile; fileRef = BDE01BD22AEBE34000714FDD /* HomeView.swift */; };
		BDF35CAD2AF9A94C006A74C9 /* NavigationViewModel.swift in Sources */ = {isa = PBXBuildFile; fileRef = BDF35CAC2AF9A94C006A74C9 /* NavigationViewModel.swift */; };
		BDF35CAF2AF9A95E006A74C9 /* NavigationStackView.swift in Sources */ = {isa = PBXBuildFile; fileRef = BDF35CAE2AF9A95E006A74C9 /* NavigationStackView.swift */; };
/* End PBXBuildFile section */

/* Begin PBXFileReference section */
		BD1077412AEC4BF500B10DD0 /* TodoViewModel.swift */ = {isa = PBXFileReference; lastKnownFileType = sourcecode.swift; path = TodoViewModel.swift; sourceTree = "<group>"; };
		BD1077432AEC4BFC00B10DD0 /* TodoView.swift */ = {isa = PBXFileReference; lastKnownFileType = sourcecode.swift; path = TodoView.swift; sourceTree = "<group>"; };
		BD1077462AEC552000B10DD0 /* TaskViewModel.swift */ = {isa = PBXFileReference; lastKnownFileType = sourcecode.swift; path = TaskViewModel.swift; sourceTree = "<group>"; };
		BD1077482AEC552500B10DD0 /* TaskView.swift */ = {isa = PBXFileReference; lastKnownFileType = sourcecode.swift; path = TaskView.swift; sourceTree = "<group>"; };
		BD6AE10F2AE930AE00D49439 /* Tasker.app */ = {isa = PBXFileReference; explicitFileType = wrapper.application; includeInIndex = 0; path = Tasker.app; sourceTree = BUILT_PRODUCTS_DIR; };
		BD6AE1122AE930AE00D49439 /* TaskerApp.swift */ = {isa = PBXFileReference; lastKnownFileType = sourcecode.swift; path = TaskerApp.swift; sourceTree = "<group>"; };
		BD6AE1142AE930AE00D49439 /* ContentView.swift */ = {isa = PBXFileReference; lastKnownFileType = sourcecode.swift; path = ContentView.swift; sourceTree = "<group>"; };
		BD6AE1162AE930AF00D49439 /* Assets.xcassets */ = {isa = PBXFileReference; lastKnownFileType = folder.assetcatalog; path = Assets.xcassets; sourceTree = "<group>"; };
		BD6AE1192AE930AF00D49439 /* Preview Assets.xcassets */ = {isa = PBXFileReference; lastKnownFileType = folder.assetcatalog; path = "Preview Assets.xcassets"; sourceTree = "<group>"; };
		BDBD481E2AE935A800CF0A6F /* GoogleService-Info.plist */ = {isa = PBXFileReference; fileEncoding = 4; lastKnownFileType = text.plist.xml; path = "GoogleService-Info.plist"; sourceTree = "<group>"; };
		BDE01BD02AEBE33900714FDD /* HomeViewModel.swift */ = {isa = PBXFileReference; lastKnownFileType = sourcecode.swift; path = HomeViewModel.swift; sourceTree = "<group>"; };
		BDE01BD22AEBE34000714FDD /* HomeView.swift */ = {isa = PBXFileReference; lastKnownFileType = sourcecode.swift; path = HomeView.swift; sourceTree = "<group>"; };
		BDF35CAC2AF9A94C006A74C9 /* NavigationViewModel.swift */ = {isa = PBXFileReference; lastKnownFileType = sourcecode.swift; path = NavigationViewModel.swift; sourceTree = "<group>"; };
		BDF35CAE2AF9A95E006A74C9 /* NavigationStackView.swift */ = {isa = PBXFileReference; lastKnownFileType = sourcecode.swift; path = NavigationStackView.swift; sourceTree = "<group>"; };
/* End PBXFileReference section */

/* Begin PBXFrameworksBuildPhase section */
		BD6AE10C2AE930AE00D49439 /* Frameworks */ = {
			isa = PBXFrameworksBuildPhase;
			buildActionMask = 2147483647;
			files = (
				BD6AE1222AE9317400D49439 /* Dependencies in Frameworks */,
			);
			runOnlyForDeploymentPostprocessing = 0;
		};
/* End PBXFrameworksBuildPhase section */

/* Begin PBXGroup section */
		BD1077402AEC4BE600B10DD0 /* Todo */ = {
			isa = PBXGroup;
			children = (
				BD1077432AEC4BFC00B10DD0 /* TodoView.swift */,
				BD1077412AEC4BF500B10DD0 /* TodoViewModel.swift */,
			);
			path = Todo;
			sourceTree = "<group>";
		};
		BD1077452AEC551500B10DD0 /* Task */ = {
			isa = PBXGroup;
			children = (
				BD1077482AEC552500B10DD0 /* TaskView.swift */,
				BD1077462AEC552000B10DD0 /* TaskViewModel.swift */,
			);
			path = Task;
			sourceTree = "<group>";
		};
		BD6AE1062AE930AE00D49439 = {
			isa = PBXGroup;
			children = (
				BD6AE1112AE930AE00D49439 /* Tasker */,
				BD6AE1102AE930AE00D49439 /* Products */,
			);
			sourceTree = "<group>";
		};
		BD6AE1102AE930AE00D49439 /* Products */ = {
			isa = PBXGroup;
			children = (
				BD6AE10F2AE930AE00D49439 /* Tasker.app */,
			);
			name = Products;
			sourceTree = "<group>";
		};
		BD6AE1112AE930AE00D49439 /* Tasker */ = {
			isa = PBXGroup;
			children = (
				BD6AE1122AE930AE00D49439 /* TaskerApp.swift */,
				BD6AE1142AE930AE00D49439 /* ContentView.swift */,
				BDBD481E2AE935A800CF0A6F /* GoogleService-Info.plist */,
				BDF35CAB2AF9A93B006A74C9 /* Navigation */,
				BDE01BCF2AEBE32200714FDD /* Home */,
				BD1077402AEC4BE600B10DD0 /* Todo */,
				BD1077452AEC551500B10DD0 /* Task */,
				BD6AE1162AE930AF00D49439 /* Assets.xcassets */,
				BD6AE1182AE930AF00D49439 /* Preview Content */,
			);
			path = Tasker;
			sourceTree = "<group>";
		};
		BD6AE1182AE930AF00D49439 /* Preview Content */ = {
			isa = PBXGroup;
			children = (
				BD6AE1192AE930AF00D49439 /* Preview Assets.xcassets */,
			);
			path = "Preview Content";
			sourceTree = "<group>";
		};
		BDE01BCF2AEBE32200714FDD /* Home */ = {
			isa = PBXGroup;
			children = (
				BDE01BD22AEBE34000714FDD /* HomeView.swift */,
				BDE01BD02AEBE33900714FDD /* HomeViewModel.swift */,
			);
			path = Home;
			sourceTree = "<group>";
		};
		BDF35CAB2AF9A93B006A74C9 /* Navigation */ = {
			isa = PBXGroup;
			children = (
				BDF35CAE2AF9A95E006A74C9 /* NavigationStackView.swift */,
				BDF35CAC2AF9A94C006A74C9 /* NavigationViewModel.swift */,
			);
			path = Navigation;
			sourceTree = "<group>";
		};
/* End PBXGroup section */

/* Begin PBXNativeTarget section */
		BD6AE10E2AE930AE00D49439 /* Tasker */ = {
			isa = PBXNativeTarget;
			buildConfigurationList = BD6AE11D2AE930AF00D49439 /* Build configuration list for PBXNativeTarget "Tasker" */;
			buildPhases = (
				BD6AE10B2AE930AE00D49439 /* Sources */,
				BD6AE10C2AE930AE00D49439 /* Frameworks */,
				BD6AE10D2AE930AE00D49439 /* Resources */,
			);
			buildRules = (
			);
			dependencies = (
			);
			name = Tasker;
			packageProductDependencies = (
				BD6AE1212AE9317400D49439 /* Dependencies */,
			);
			productName = Tasker;
			productReference = BD6AE10F2AE930AE00D49439 /* Tasker.app */;
			productType = "com.apple.product-type.application";
		};
/* End PBXNativeTarget section */

/* Begin PBXProject section */
		BD6AE1072AE930AE00D49439 /* Project object */ = {
			isa = PBXProject;
			attributes = {
				BuildIndependentTargetsInParallel = 1;
				LastSwiftUpdateCheck = 1500;
				LastUpgradeCheck = 1500;
				TargetAttributes = {
					BD6AE10E2AE930AE00D49439 = {
						CreatedOnToolsVersion = 15.0;
					};
				};
			};
			buildConfigurationList = BD6AE10A2AE930AE00D49439 /* Build configuration list for PBXProject "Tasker" */;
			compatibilityVersion = "Xcode 14.0";
			developmentRegion = en;
			hasScannedForEncodings = 0;
			knownRegions = (
				en,
				Base,
			);
			mainGroup = BD6AE1062AE930AE00D49439;
			packageReferences = (
				BD6AE1202AE9317400D49439 /* XCLocalSwiftPackageReference "../Dependencies" */,
			);
			productRefGroup = BD6AE1102AE930AE00D49439 /* Products */;
			projectDirPath = "";
			projectRoot = "";
			targets = (
				BD6AE10E2AE930AE00D49439 /* Tasker */,
			);
		};
/* End PBXProject section */

/* Begin PBXResourcesBuildPhase section */
		BD6AE10D2AE930AE00D49439 /* Resources */ = {
			isa = PBXResourcesBuildPhase;
			buildActionMask = 2147483647;
			files = (
				BD6AE11A2AE930AF00D49439 /* Preview Assets.xcassets in Resources */,
				BDBD481F2AE935A800CF0A6F /* GoogleService-Info.plist in Resources */,
				BD6AE1172AE930AF00D49439 /* Assets.xcassets in Resources */,
			);
			runOnlyForDeploymentPostprocessing = 0;
		};
/* End PBXResourcesBuildPhase section */

/* Begin PBXSourcesBuildPhase section */
		BD6AE10B2AE930AE00D49439 /* Sources */ = {
			isa = PBXSourcesBuildPhase;
			buildActionMask = 2147483647;
			files = (
				BD6AE1152AE930AE00D49439 /* ContentView.swift in Sources */,
				BD1077442AEC4BFC00B10DD0 /* TodoView.swift in Sources */,
				BDF35CAD2AF9A94C006A74C9 /* NavigationViewModel.swift in Sources */,
				BDE01BD32AEBE34000714FDD /* HomeView.swift in Sources */,
				BDE01BD12AEBE33900714FDD /* HomeViewModel.swift in Sources */,
				BD1077422AEC4BF500B10DD0 /* TodoViewModel.swift in Sources */,
				BD1077492AEC552500B10DD0 /* TaskView.swift in Sources */,
				BD1077472AEC552000B10DD0 /* TaskViewModel.swift in Sources */,
				BDF35CAF2AF9A95E006A74C9 /* NavigationStackView.swift in Sources */,
				BD6AE1132AE930AE00D49439 /* TaskerApp.swift in Sources */,
			);
			runOnlyForDeploymentPostprocessing = 0;
		};
/* End PBXSourcesBuildPhase section */

/* Begin XCBuildConfiguration section */
		BD6AE11B2AE930AF00D49439 /* Debug */ = {
			isa = XCBuildConfiguration;
			buildSettings = {
				ALWAYS_SEARCH_USER_PATHS = NO;
				ASSETCATALOG_COMPILER_GENERATE_SWIFT_ASSET_SYMBOL_EXTENSIONS = YES;
				CLANG_ANALYZER_NONNULL = YES;
				CLANG_ANALYZER_NUMBER_OBJECT_CONVERSION = YES_AGGRESSIVE;
				CLANG_CXX_LANGUAGE_STANDARD = "gnu++20";
				CLANG_ENABLE_MODULES = YES;
				CLANG_ENABLE_OBJC_ARC = YES;
				CLANG_ENABLE_OBJC_WEAK = YES;
				CLANG_WARN_BLOCK_CAPTURE_AUTORELEASING = YES;
				CLANG_WARN_BOOL_CONVERSION = YES;
				CLANG_WARN_COMMA = YES;
				CLANG_WARN_CONSTANT_CONVERSION = YES;
				CLANG_WARN_DEPRECATED_OBJC_IMPLEMENTATIONS = YES;
				CLANG_WARN_DIRECT_OBJC_ISA_USAGE = YES_ERROR;
				CLANG_WARN_DOCUMENTATION_COMMENTS = YES;
				CLANG_WARN_EMPTY_BODY = YES;
				CLANG_WARN_ENUM_CONVERSION = YES;
				CLANG_WARN_INFINITE_RECURSION = YES;
				CLANG_WARN_INT_CONVERSION = YES;
				CLANG_WARN_NON_LITERAL_NULL_CONVERSION = YES;
				CLANG_WARN_OBJC_IMPLICIT_RETAIN_SELF = YES;
				CLANG_WARN_OBJC_LITERAL_CONVERSION = YES;
				CLANG_WARN_OBJC_ROOT_CLASS = YES_ERROR;
				CLANG_WARN_QUOTED_INCLUDE_IN_FRAMEWORK_HEADER = YES;
				CLANG_WARN_RANGE_LOOP_ANALYSIS = YES;
				CLANG_WARN_STRICT_PROTOTYPES = YES;
				CLANG_WARN_SUSPICIOUS_MOVE = YES;
				CLANG_WARN_UNGUARDED_AVAILABILITY = YES_AGGRESSIVE;
				CLANG_WARN_UNREACHABLE_CODE = YES;
				CLANG_WARN__DUPLICATE_METHOD_MATCH = YES;
				COPY_PHASE_STRIP = NO;
				DEBUG_INFORMATION_FORMAT = dwarf;
				ENABLE_STRICT_OBJC_MSGSEND = YES;
				ENABLE_TESTABILITY = YES;
				ENABLE_USER_SCRIPT_SANDBOXING = YES;
				GCC_C_LANGUAGE_STANDARD = gnu17;
				GCC_DYNAMIC_NO_PIC = NO;
				GCC_NO_COMMON_BLOCKS = YES;
				GCC_OPTIMIZATION_LEVEL = 0;
				GCC_PREPROCESSOR_DEFINITIONS = (
					"DEBUG=1",
					"$(inherited)",
				);
				GCC_WARN_64_TO_32_BIT_CONVERSION = YES;
				GCC_WARN_ABOUT_RETURN_TYPE = YES_ERROR;
				GCC_WARN_UNDECLARED_SELECTOR = YES;
				GCC_WARN_UNINITIALIZED_AUTOS = YES_AGGRESSIVE;
				GCC_WARN_UNUSED_FUNCTION = YES;
				GCC_WARN_UNUSED_VARIABLE = YES;
				IPHONEOS_DEPLOYMENT_TARGET = 17.0;
				LOCALIZATION_PREFERS_STRING_CATALOGS = YES;
				MTL_ENABLE_DEBUG_INFO = INCLUDE_SOURCE;
				MTL_FAST_MATH = YES;
				ONLY_ACTIVE_ARCH = YES;
				SDKROOT = iphoneos;
				SWIFT_ACTIVE_COMPILATION_CONDITIONS = "DEBUG $(inherited)";
				SWIFT_OPTIMIZATION_LEVEL = "-Onone";
			};
			name = Debug;
		};
		BD6AE11C2AE930AF00D49439 /* Release */ = {
			isa = XCBuildConfiguration;
			buildSettings = {
				ALWAYS_SEARCH_USER_PATHS = NO;
				ASSETCATALOG_COMPILER_GENERATE_SWIFT_ASSET_SYMBOL_EXTENSIONS = YES;
				CLANG_ANALYZER_NONNULL = YES;
				CLANG_ANALYZER_NUMBER_OBJECT_CONVERSION = YES_AGGRESSIVE;
				CLANG_CXX_LANGUAGE_STANDARD = "gnu++20";
				CLANG_ENABLE_MODULES = YES;
				CLANG_ENABLE_OBJC_ARC = YES;
				CLANG_ENABLE_OBJC_WEAK = YES;
				CLANG_WARN_BLOCK_CAPTURE_AUTORELEASING = YES;
				CLANG_WARN_BOOL_CONVERSION = YES;
				CLANG_WARN_COMMA = YES;
				CLANG_WARN_CONSTANT_CONVERSION = YES;
				CLANG_WARN_DEPRECATED_OBJC_IMPLEMENTATIONS = YES;
				CLANG_WARN_DIRECT_OBJC_ISA_USAGE = YES_ERROR;
				CLANG_WARN_DOCUMENTATION_COMMENTS = YES;
				CLANG_WARN_EMPTY_BODY = YES;
				CLANG_WARN_ENUM_CONVERSION = YES;
				CLANG_WARN_INFINITE_RECURSION = YES;
				CLANG_WARN_INT_CONVERSION = YES;
				CLANG_WARN_NON_LITERAL_NULL_CONVERSION = YES;
				CLANG_WARN_OBJC_IMPLICIT_RETAIN_SELF = YES;
				CLANG_WARN_OBJC_LITERAL_CONVERSION = YES;
				CLANG_WARN_OBJC_ROOT_CLASS = YES_ERROR;
				CLANG_WARN_QUOTED_INCLUDE_IN_FRAMEWORK_HEADER = YES;
				CLANG_WARN_RANGE_LOOP_ANALYSIS = YES;
				CLANG_WARN_STRICT_PROTOTYPES = YES;
				CLANG_WARN_SUSPICIOUS_MOVE = YES;
				CLANG_WARN_UNGUARDED_AVAILABILITY = YES_AGGRESSIVE;
				CLANG_WARN_UNREACHABLE_CODE = YES;
				CLANG_WARN__DUPLICATE_METHOD_MATCH = YES;
				COPY_PHASE_STRIP = NO;
				DEBUG_INFORMATION_FORMAT = "dwarf-with-dsym";
				ENABLE_NS_ASSERTIONS = NO;
				ENABLE_STRICT_OBJC_MSGSEND = YES;
				ENABLE_USER_SCRIPT_SANDBOXING = YES;
				GCC_C_LANGUAGE_STANDARD = gnu17;
				GCC_NO_COMMON_BLOCKS = YES;
				GCC_WARN_64_TO_32_BIT_CONVERSION = YES;
				GCC_WARN_ABOUT_RETURN_TYPE = YES_ERROR;
				GCC_WARN_UNDECLARED_SELECTOR = YES;
				GCC_WARN_UNINITIALIZED_AUTOS = YES_AGGRESSIVE;
				GCC_WARN_UNUSED_FUNCTION = YES;
				GCC_WARN_UNUSED_VARIABLE = YES;
				IPHONEOS_DEPLOYMENT_TARGET = 17.0;
				LOCALIZATION_PREFERS_STRING_CATALOGS = YES;
				MTL_ENABLE_DEBUG_INFO = NO;
				MTL_FAST_MATH = YES;
				SDKROOT = iphoneos;
				SWIFT_COMPILATION_MODE = wholemodule;
				VALIDATE_PRODUCT = YES;
			};
			name = Release;
		};
		BD6AE11E2AE930AF00D49439 /* Debug */ = {
			isa = XCBuildConfiguration;
			buildSettings = {
				ASSETCATALOG_COMPILER_APPICON_NAME = AppIcon;
				ASSETCATALOG_COMPILER_GLOBAL_ACCENT_COLOR_NAME = AccentColor;
				CODE_SIGN_STYLE = Automatic;
				CURRENT_PROJECT_VERSION = 1;
				DEVELOPMENT_ASSET_PATHS = "\"Tasker/Preview Content\"";
				DEVELOPMENT_TEAM = 8S5QQT5ZUQ;
				ENABLE_PREVIEWS = YES;
				GENERATE_INFOPLIST_FILE = YES;
				INFOPLIST_KEY_UIApplicationSceneManifest_Generation = YES;
				INFOPLIST_KEY_UIApplicationSupportsIndirectInputEvents = YES;
				INFOPLIST_KEY_UILaunchScreen_Generation = YES;
				INFOPLIST_KEY_UISupportedInterfaceOrientations_iPad = "UIInterfaceOrientationPortrait UIInterfaceOrientationPortraitUpsideDown UIInterfaceOrientationLandscapeLeft UIInterfaceOrientationLandscapeRight";
				INFOPLIST_KEY_UISupportedInterfaceOrientations_iPhone = "UIInterfaceOrientationPortrait UIInterfaceOrientationLandscapeLeft UIInterfaceOrientationLandscapeRight";
				LD_RUNPATH_SEARCH_PATHS = (
					"$(inherited)",
					"@executable_path/Frameworks",
				);
				MARKETING_VERSION = 1.0;
				PRODUCT_BUNDLE_IDENTIFIER = com.matoosens.Tasker;
				PRODUCT_NAME = "$(TARGET_NAME)";
				SWIFT_EMIT_LOC_STRINGS = YES;
				SWIFT_VERSION = 5.0;
				TARGETED_DEVICE_FAMILY = "1,2";
			};
			name = Debug;
		};
		BD6AE11F2AE930AF00D49439 /* Release */ = {
			isa = XCBuildConfiguration;
			buildSettings = {
				ASSETCATALOG_COMPILER_APPICON_NAME = AppIcon;
				ASSETCATALOG_COMPILER_GLOBAL_ACCENT_COLOR_NAME = AccentColor;
				CODE_SIGN_STYLE = Automatic;
				CURRENT_PROJECT_VERSION = 1;
				DEVELOPMENT_ASSET_PATHS = "\"Tasker/Preview Content\"";
				DEVELOPMENT_TEAM = 8S5QQT5ZUQ;
				ENABLE_PREVIEWS = YES;
				GENERATE_INFOPLIST_FILE = YES;
				INFOPLIST_KEY_UIApplicationSceneManifest_Generation = YES;
				INFOPLIST_KEY_UIApplicationSupportsIndirectInputEvents = YES;
				INFOPLIST_KEY_UILaunchScreen_Generation = YES;
				INFOPLIST_KEY_UISupportedInterfaceOrientations_iPad = "UIInterfaceOrientationPortrait UIInterfaceOrientationPortraitUpsideDown UIInterfaceOrientationLandscapeLeft UIInterfaceOrientationLandscapeRight";
				INFOPLIST_KEY_UISupportedInterfaceOrientations_iPhone = "UIInterfaceOrientationPortrait UIInterfaceOrientationLandscapeLeft UIInterfaceOrientationLandscapeRight";
				LD_RUNPATH_SEARCH_PATHS = (
					"$(inherited)",
					"@executable_path/Frameworks",
				);
				MARKETING_VERSION = 1.0;
				PRODUCT_BUNDLE_IDENTIFIER = com.matoosens.Tasker;
				PRODUCT_NAME = "$(TARGET_NAME)";
				SWIFT_EMIT_LOC_STRINGS = YES;
				SWIFT_VERSION = 5.0;
				TARGETED_DEVICE_FAMILY = "1,2";
			};
			name = Release;
		};
/* End XCBuildConfiguration section */

/* Begin XCConfigurationList section */
		BD6AE10A2AE930AE00D49439 /* Build configuration list for PBXProject "Tasker" */ = {
			isa = XCConfigurationList;
			buildConfigurations = (
				BD6AE11B2AE930AF00D49439 /* Debug */,
				BD6AE11C2AE930AF00D49439 /* Release */,
			);
			defaultConfigurationIsVisible = 0;
			defaultConfigurationName = Release;
		};
		BD6AE11D2AE930AF00D49439 /* Build configuration list for PBXNativeTarget "Tasker" */ = {
			isa = XCConfigurationList;
			buildConfigurations = (
				BD6AE11E2AE930AF00D49439 /* Debug */,
				BD6AE11F2AE930AF00D49439 /* Release */,
			);
			defaultConfigurationIsVisible = 0;
			defaultConfigurationName = Release;
		};
/* End XCConfigurationList section */

/* Begin XCLocalSwiftPackageReference section */
		BD6AE1202AE9317400D49439 /* XCLocalSwiftPackageReference "../Dependencies" */ = {
			isa = XCLocalSwiftPackageReference;
			relativePath = ../Dependencies;
		};
/* End XCLocalSwiftPackageReference section */

/* Begin XCSwiftPackageProductDependency section */
		BD6AE1212AE9317400D49439 /* Dependencies */ = {
			isa = XCSwiftPackageProductDependency;
			productName = Dependencies;
		};
/* End XCSwiftPackageProductDependency section */
	};
	rootObject = BD6AE1072AE930AE00D49439 /* Project object */;
}
